
Microsoft Visual Studio Solution File, Format Version 12.00
# Visual Studio Version 17
VisualStudioVersion = 17.12.35514.174 d17.12
MinimumVisualStudioVersion = 10.0.40219.1
Project("{FAE04EC0-301F-11D3-BF4B-00C04F79EFBC}") = "BabyMetricsBlazor", "BabyMetricsBlazor\BabyMetricsBlazor.csproj", "{44C085DA-1339-40AC-A517-EC934923B7A9}"
EndProject
Project("{FAE04EC0-301F-11D3-BF4B-00C04F79EFBC}") = "BabyMetrics.AppHost", "BabyMetrics.AppHost\BabyMetrics.AppHost.csproj", "{C9777B3B-BC19-460E-9905-26AFE9F13C04}"
EndProject
Project("{FAE04EC0-301F-11D3-BF4B-00C04F79EFBC}") = "BabyMetrics.ServiceDefaults", "BabyMetrics.ServiceDefaults\BabyMetrics.ServiceDefaults.csproj", "{9D62ED4C-575F-47F7-B462-E111BF420DD7}"
EndProject
Global
	GlobalSection(SolutionConfigurationPlatforms) = preSolution
		Debug|Any CPU = Debug|Any CPU
		Release|Any CPU = Release|Any CPU
	EndGlobalSection
	GlobalSection(ProjectConfigurationPlatforms) = postSolution
		{44C085DA-1339-40AC-A517-EC934923B7A9}.Debug|Any CPU.ActiveCfg = Debug|Any CPU
		{44C085DA-1339-40AC-A517-EC934923B7A9}.Debug|Any CPU.Build.0 = Debug|Any CPU
		{44C085DA-1339-40AC-A517-EC934923B7A9}.Release|Any CPU.ActiveCfg = Release|Any CPU
		{44C085DA-1339-40AC-A517-EC934923B7A9}.Release|Any CPU.Build.0 = Release|Any CPU
		{C9777B3B-BC19-460E-9905-26AFE9F13C04}.Debug|Any CPU.ActiveCfg = Debug|Any CPU
		{C9777B3B-BC19-460E-9905-26AFE9F13C04}.Debug|Any CPU.Build.0 = Debug|Any CPU
		{C9777B3B-BC19-460E-9905-26AFE9F13C04}.Release|Any CPU.ActiveCfg = Release|Any CPU
		{C9777B3B-BC19-460E-9905-26AFE9F13C04}.Release|Any CPU.Build.0 = Release|Any CPU
		{9D62ED4C-575F-47F7-B462-E111BF420DD7}.Debug|Any CPU.ActiveCfg = Debug|Any CPU
		{9D62ED4C-575F-47F7-B462-E111BF420DD7}.Debug|Any CPU.Build.0 = Debug|Any CPU
		{9D62ED4C-575F-47F7-B462-E111BF420DD7}.Release|Any CPU.ActiveCfg = Release|Any CPU
		{9D62ED4C-575F-47F7-B462-E111BF420DD7}.Release|Any CPU.Build.0 = Release|Any CPU
	EndGlobalSection
	GlobalSection(SolutionProperties) = preSolution
		HideSolutionNode = FALSE
	EndGlobalSection
EndGlobal
